
Microsoft Visual Studio Solution File, Format Version 12.00
# Visual Studio Version 17
VisualStudioVersion = 17.7.34024.191
MinimumVisualStudioVersion = 10.0.40219.1
Project("{9A19103F-16F7-4668-BE54-9A1E7A4F7556}") = "PcNext.Cli", "src\PcNext.Cli\PcNext.Cli.csproj", "{A8B76C26-DC90-46CC-8FFB-665773305D8C}"
EndProject
Project("{9A19103F-16F7-4668-BE54-9A1E7A4F7556}") = "Asys.Cli.Framework", "src\Asys\Cli\Asys.Cli.Framework\Asys.Cli.Framework.csproj", "{2D87FFB8-1575-4AF2-BDD6-F84EA5059863}"
EndProject
Project("{2150E333-8FDC-42A3-9474-1A3956D46DE8}") = "Cli", "Cli", "{00B47A58-F1FB-47F8-8060-EF71D2C0232C}"
EndProject
Project("{9A19103F-16F7-4668-BE54-9A1E7A4F7556}") = "Asys.Cli.Framework.Mocks", "src\Asys\Cli\Asys.Cli.Framework.Mocks\Asys.Cli.Framework.Mocks.csproj", "{DB976933-4DC3-4DC3-87DB-5994ECC0D704}"
EndProject
Project("{9A19103F-16F7-4668-BE54-9A1E7A4F7556}") = "Asys.Cli.Extensions.HttpHost", "src\Asys\Cli\Extensions\Asys.Cli.Extensions.HttpHost\Asys.Cli.Extensions.HttpHost.csproj", "{746EA59D-BA43-47EE-956B-903767C46E7A}"
EndProject
Project("{2150E333-8FDC-42A3-9474-1A3956D46DE8}") = "Extensions", "Extensions", "{F7C35602-A030-4968-9931-61D56B7E90BB}"
EndProject
Project("{2150E333-8FDC-42A3-9474-1A3956D46DE8}") = "ChocolateySharp", "ChocolateySharp", "{0BA5E3D9-1FF3-4004-983B-0CB1A7B06B43}"
EndProject
Project("{9A19103F-16F7-4668-BE54-9A1E7A4F7556}") = "ChocolateySharp", "src\ChocolateySharp\ChocolateySharp\ChocolateySharp.csproj", "{FE138AA3-92ED-41D3-B291-17335BA0D2AC}"
EndProject
Project("{2150E333-8FDC-42A3-9474-1A3956D46DE8}") = "Asys", "Asys", "{7DF5D9D0-BF33-47F3-9F4A-86BB9C99B0FC}"
EndProject
Project("{9A19103F-16F7-4668-BE54-9A1E7A4F7556}") = "Asys.Tasks", "src\Asys\Asys.Tasks\Asys.Tasks.csproj", "{F70D3056-F867-487C-8D66-C900D17A8DC8}"
EndProject
Project("{9A19103F-16F7-4668-BE54-9A1E7A4F7556}") = "Asys.Tasks.Process", "src\Asys\Asys.Tasks.Process\Asys.Tasks.Process.csproj", "{603D62FF-521A-4E4A-864B-D457F44A3218}"
EndProject
Project("{9A19103F-16F7-4668-BE54-9A1E7A4F7556}") = "Asys.Cli.Extensions.ChocolateySharp", "src\Asys\Cli\Extensions\Asys.Cli.Extensions.ChocolateySharp\Asys.Cli.Extensions.ChocolateySharp.csproj", "{2D33F5DC-4648-4858-9A6B-83D852507BA6}"
EndProject
Project("{9A19103F-16F7-4668-BE54-9A1E7A4F7556}") = "PcNext.Commands.Configure", "src\PcNext.Commands.Configure\PcNext.Commands.Configure.csproj", "{EA5ED173-B7E4-441D-AFB4-E78F01D900B8}"
EndProject
Project("{9A19103F-16F7-4668-BE54-9A1E7A4F7556}") = "Asys.Cli.Extensions.Asys", "src\Asys\Cli\Extensions\Asys.Cli.Extensions.Asys\Asys.Cli.Extensions.Asys.csproj", "{18708508-B87E-4418-A87F-6BD4A2F9F6DF}"
EndProject
Project("{2150E333-8FDC-42A3-9474-1A3956D46DE8}") = "Solution Items", "Solution Items", "{D89F3EB3-2A27-44D1-AE60-2D1DDC01E04B}"
	ProjectSection(SolutionItems) = preProject
		.editorconfig = .editorconfig
	EndProjectSection
EndProject
Project("{9A19103F-16F7-4668-BE54-9A1E7A4F7556}") = "Asys.System", "src\Asys\Asys.System\Asys.System.csproj", "{AF895698-CAE3-462F-9F05-AF5418B66A93}"
EndProject
Project("{9A19103F-16F7-4668-BE54-9A1E7A4F7556}") = "ChocolateySharp.Tests", "src\ChocolateySharp\ChocolateySharp.Tests\ChocolateySharp.Tests.csproj", "{3D882C01-0A25-4257-8164-72C11B7ED6CF}"
EndProject
Project("{9A19103F-16F7-4668-BE54-9A1E7A4F7556}") = "PcNext.Tests", "src\PcNext.Tests\PcNext.Tests.csproj", "{23301DC0-FC07-4487-9391-05484F0A3CA0}"
EndProject
Project("{9A19103F-16F7-4668-BE54-9A1E7A4F7556}") = "Asys.Tests.Framework", "src\Asys\Asys.Tests.Framework\Asys.Tests.Framework.csproj", "{62AF206A-F80B-44C7-99ED-29860EFBB91F}"
EndProject
Project("{9A19103F-16F7-4668-BE54-9A1E7A4F7556}") = "Asys.Tests", "src\Asys\Asys.Tests\Asys.Tests.csproj", "{29A7C420-CEC1-4D46-AB19-DB45BBE7C42D}"
EndProject
Project("{9A19103F-16F7-4668-BE54-9A1E7A4F7556}") = "Asys.Mocks", "src\Asys\Asys.Mocks\Asys.Mocks\Asys.Mocks.csproj", "{D0062843-3823-4BAD-A0C1-01BD838E7EB7}"
EndProject
Project("{9A19103F-16F7-4668-BE54-9A1E7A4F7556}") = "PcNext.Framework", "src\PcNext.Framework\PcNext.Framework.csproj", "{5C1F27A0-1B5A-4B60-ABF7-79F9D147CC27}"
EndProject
Project("{9A19103F-16F7-4668-BE54-9A1E7A4F7556}") = "Asys.Tests.Framework.XUnit", "src\Asys\Asys.Tests.Framework.XUnit\Asys.Tests.Framework.XUnit.csproj", "{7F20422B-90C5-4BE5-8577-5E14868F7606}"
EndProject
Project("{9A19103F-16F7-4668-BE54-9A1E7A4F7556}") = "Asys.Tests.Framework.Asserts", "src\Asys\Asys.Tests.Framework.Assert\Asys.Tests.Framework.Asserts.csproj", "{BBFB9C91-E10F-44C7-B91A-678E2B8F4690}"
EndProject
Project("{9A19103F-16F7-4668-BE54-9A1E7A4F7556}") = "Asys.Tests.Framework.Logger", "src\Asys\Asys.Tests.Framework.Logger\Asys.Tests.Framework.Logger.csproj", "{BBF7470F-872D-4013-8BFE-4DD043B0F52B}"
EndProject
Project("{9A19103F-16F7-4668-BE54-9A1E7A4F7556}") = "ChocolateySharp.Mocks", "src\ChocolateySharp\ChocolateySharp.Mocks\ChocolateySharp.Mocks.csproj", "{9FD83D37-F254-4E0E-A2C0-4CD5D45A6459}"
EndProject
Project("{2150E333-8FDC-42A3-9474-1A3956D46DE8}") = "Tasks", "Tasks", "{C2038552-D769-4CAF-BD22-8EBC1AFEF02E}"
EndProject
Project("{2150E333-8FDC-42A3-9474-1A3956D46DE8}") = "Tests", "Tests", "{C7C8DDFC-F515-4DFF-91C0-15D0D48FFB83}"
EndProject
Project("{2150E333-8FDC-42A3-9474-1A3956D46DE8}") = "Framework", "Framework", "{12687F5B-108A-457B-BE00-6192E5AF88D0}"
EndProject
Global
	GlobalSection(SolutionConfigurationPlatforms) = preSolution
		Debug|Any CPU = Debug|Any CPU
		Release|Any CPU = Release|Any CPU
	EndGlobalSection
	GlobalSection(ProjectConfigurationPlatforms) = postSolution
		{A8B76C26-DC90-46CC-8FFB-665773305D8C}.Debug|Any CPU.ActiveCfg = Debug|Any CPU
		{A8B76C26-DC90-46CC-8FFB-665773305D8C}.Debug|Any CPU.Build.0 = Debug|Any CPU
		{A8B76C26-DC90-46CC-8FFB-665773305D8C}.Release|Any CPU.ActiveCfg = Release|Any CPU
		{A8B76C26-DC90-46CC-8FFB-665773305D8C}.Release|Any CPU.Build.0 = Release|Any CPU
		{2D87FFB8-1575-4AF2-BDD6-F84EA5059863}.Debug|Any CPU.ActiveCfg = Debug|Any CPU
		{2D87FFB8-1575-4AF2-BDD6-F84EA5059863}.Debug|Any CPU.Build.0 = Debug|Any CPU
		{2D87FFB8-1575-4AF2-BDD6-F84EA5059863}.Release|Any CPU.ActiveCfg = Release|Any CPU
		{2D87FFB8-1575-4AF2-BDD6-F84EA5059863}.Release|Any CPU.Build.0 = Release|Any CPU
		{DB976933-4DC3-4DC3-87DB-5994ECC0D704}.Debug|Any CPU.ActiveCfg = Debug|Any CPU
		{DB976933-4DC3-4DC3-87DB-5994ECC0D704}.Debug|Any CPU.Build.0 = Debug|Any CPU
		{DB976933-4DC3-4DC3-87DB-5994ECC0D704}.Release|Any CPU.ActiveCfg = Release|Any CPU
		{DB976933-4DC3-4DC3-87DB-5994ECC0D704}.Release|Any CPU.Build.0 = Release|Any CPU
		{746EA59D-BA43-47EE-956B-903767C46E7A}.Debug|Any CPU.ActiveCfg = Debug|Any CPU
		{746EA59D-BA43-47EE-956B-903767C46E7A}.Debug|Any CPU.Build.0 = Debug|Any CPU
		{746EA59D-BA43-47EE-956B-903767C46E7A}.Release|Any CPU.ActiveCfg = Release|Any CPU
		{746EA59D-BA43-47EE-956B-903767C46E7A}.Release|Any CPU.Build.0 = Release|Any CPU
		{FE138AA3-92ED-41D3-B291-17335BA0D2AC}.Debug|Any CPU.ActiveCfg = Debug|Any CPU
		{FE138AA3-92ED-41D3-B291-17335BA0D2AC}.Debug|Any CPU.Build.0 = Debug|Any CPU
		{FE138AA3-92ED-41D3-B291-17335BA0D2AC}.Release|Any CPU.ActiveCfg = Release|Any CPU
		{FE138AA3-92ED-41D3-B291-17335BA0D2AC}.Release|Any CPU.Build.0 = Release|Any CPU
		{F70D3056-F867-487C-8D66-C900D17A8DC8}.Debug|Any CPU.ActiveCfg = Debug|Any CPU
		{F70D3056-F867-487C-8D66-C900D17A8DC8}.Debug|Any CPU.Build.0 = Debug|Any CPU
		{F70D3056-F867-487C-8D66-C900D17A8DC8}.Release|Any CPU.ActiveCfg = Release|Any CPU
		{F70D3056-F867-487C-8D66-C900D17A8DC8}.Release|Any CPU.Build.0 = Release|Any CPU
		{603D62FF-521A-4E4A-864B-D457F44A3218}.Debug|Any CPU.ActiveCfg = Debug|Any CPU
		{603D62FF-521A-4E4A-864B-D457F44A3218}.Debug|Any CPU.Build.0 = Debug|Any CPU
		{603D62FF-521A-4E4A-864B-D457F44A3218}.Release|Any CPU.ActiveCfg = Release|Any CPU
		{603D62FF-521A-4E4A-864B-D457F44A3218}.Release|Any CPU.Build.0 = Release|Any CPU
		{2D33F5DC-4648-4858-9A6B-83D852507BA6}.Debug|Any CPU.ActiveCfg = Debug|Any CPU
		{2D33F5DC-4648-4858-9A6B-83D852507BA6}.Debug|Any CPU.Build.0 = Debug|Any CPU
		{2D33F5DC-4648-4858-9A6B-83D852507BA6}.Release|Any CPU.ActiveCfg = Release|Any CPU
		{2D33F5DC-4648-4858-9A6B-83D852507BA6}.Release|Any CPU.Build.0 = Release|Any CPU
		{EA5ED173-B7E4-441D-AFB4-E78F01D900B8}.Debug|Any CPU.ActiveCfg = Debug|Any CPU
		{EA5ED173-B7E4-441D-AFB4-E78F01D900B8}.Debug|Any CPU.Build.0 = Debug|Any CPU
		{EA5ED173-B7E4-441D-AFB4-E78F01D900B8}.Release|Any CPU.ActiveCfg = Release|Any CPU
		{EA5ED173-B7E4-441D-AFB4-E78F01D900B8}.Release|Any CPU.Build.0 = Release|Any CPU
		{18708508-B87E-4418-A87F-6BD4A2F9F6DF}.Debug|Any CPU.ActiveCfg = Debug|Any CPU
		{18708508-B87E-4418-A87F-6BD4A2F9F6DF}.Debug|Any CPU.Build.0 = Debug|Any CPU
		{18708508-B87E-4418-A87F-6BD4A2F9F6DF}.Release|Any CPU.ActiveCfg = Release|Any CPU
		{18708508-B87E-4418-A87F-6BD4A2F9F6DF}.Release|Any CPU.Build.0 = Release|Any CPU
		{AF895698-CAE3-462F-9F05-AF5418B66A93}.Debug|Any CPU.ActiveCfg = Debug|Any CPU
		{AF895698-CAE3-462F-9F05-AF5418B66A93}.Debug|Any CPU.Build.0 = Debug|Any CPU
		{AF895698-CAE3-462F-9F05-AF5418B66A93}.Release|Any CPU.ActiveCfg = Release|Any CPU
		{AF895698-CAE3-462F-9F05-AF5418B66A93}.Release|Any CPU.Build.0 = Release|Any CPU
		{3D882C01-0A25-4257-8164-72C11B7ED6CF}.Debug|Any CPU.ActiveCfg = Debug|Any CPU
		{3D882C01-0A25-4257-8164-72C11B7ED6CF}.Debug|Any CPU.Build.0 = Debug|Any CPU
		{3D882C01-0A25-4257-8164-72C11B7ED6CF}.Release|Any CPU.ActiveCfg = Release|Any CPU
		{3D882C01-0A25-4257-8164-72C11B7ED6CF}.Release|Any CPU.Build.0 = Release|Any CPU
		{23301DC0-FC07-4487-9391-05484F0A3CA0}.Debug|Any CPU.ActiveCfg = Debug|Any CPU
		{23301DC0-FC07-4487-9391-05484F0A3CA0}.Debug|Any CPU.Build.0 = Debug|Any CPU
		{23301DC0-FC07-4487-9391-05484F0A3CA0}.Release|Any CPU.ActiveCfg = Release|Any CPU
		{23301DC0-FC07-4487-9391-05484F0A3CA0}.Release|Any CPU.Build.0 = Release|Any CPU
		{62AF206A-F80B-44C7-99ED-29860EFBB91F}.Debug|Any CPU.ActiveCfg = Debug|Any CPU
		{62AF206A-F80B-44C7-99ED-29860EFBB91F}.Debug|Any CPU.Build.0 = Debug|Any CPU
		{62AF206A-F80B-44C7-99ED-29860EFBB91F}.Release|Any CPU.ActiveCfg = Release|Any CPU
		{62AF206A-F80B-44C7-99ED-29860EFBB91F}.Release|Any CPU.Build.0 = Release|Any CPU
		{29A7C420-CEC1-4D46-AB19-DB45BBE7C42D}.Debug|Any CPU.ActiveCfg = Debug|Any CPU
		{29A7C420-CEC1-4D46-AB19-DB45BBE7C42D}.Debug|Any CPU.Build.0 = Debug|Any CPU
		{29A7C420-CEC1-4D46-AB19-DB45BBE7C42D}.Release|Any CPU.ActiveCfg = Release|Any CPU
		{29A7C420-CEC1-4D46-AB19-DB45BBE7C42D}.Release|Any CPU.Build.0 = Release|Any CPU
		{D0062843-3823-4BAD-A0C1-01BD838E7EB7}.Debug|Any CPU.ActiveCfg = Debug|Any CPU
		{D0062843-3823-4BAD-A0C1-01BD838E7EB7}.Debug|Any CPU.Build.0 = Debug|Any CPU
		{D0062843-3823-4BAD-A0C1-01BD838E7EB7}.Release|Any CPU.ActiveCfg = Release|Any CPU
		{D0062843-3823-4BAD-A0C1-01BD838E7EB7}.Release|Any CPU.Build.0 = Release|Any CPU
		{5C1F27A0-1B5A-4B60-ABF7-79F9D147CC27}.Debug|Any CPU.ActiveCfg = Debug|Any CPU
		{5C1F27A0-1B5A-4B60-ABF7-79F9D147CC27}.Debug|Any CPU.Build.0 = Debug|Any CPU
		{5C1F27A0-1B5A-4B60-ABF7-79F9D147CC27}.Release|Any CPU.ActiveCfg = Release|Any CPU
		{5C1F27A0-1B5A-4B60-ABF7-79F9D147CC27}.Release|Any CPU.Build.0 = Release|Any CPU
		{7F20422B-90C5-4BE5-8577-5E14868F7606}.Debug|Any CPU.ActiveCfg = Debug|Any CPU
		{7F20422B-90C5-4BE5-8577-5E14868F7606}.Debug|Any CPU.Build.0 = Debug|Any CPU
		{7F20422B-90C5-4BE5-8577-5E14868F7606}.Release|Any CPU.ActiveCfg = Release|Any CPU
		{7F20422B-90C5-4BE5-8577-5E14868F7606}.Release|Any CPU.Build.0 = Release|Any CPU
		{BBFB9C91-E10F-44C7-B91A-678E2B8F4690}.Debug|Any CPU.ActiveCfg = Debug|Any CPU
		{BBFB9C91-E10F-44C7-B91A-678E2B8F4690}.Debug|Any CPU.Build.0 = Debug|Any CPU
		{BBFB9C91-E10F-44C7-B91A-678E2B8F4690}.Release|Any CPU.ActiveCfg = Release|Any CPU
		{BBFB9C91-E10F-44C7-B91A-678E2B8F4690}.Release|Any CPU.Build.0 = Release|Any CPU
		{BBF7470F-872D-4013-8BFE-4DD043B0F52B}.Debug|Any CPU.ActiveCfg = Debug|Any CPU
		{BBF7470F-872D-4013-8BFE-4DD043B0F52B}.Debug|Any CPU.Build.0 = Debug|Any CPU
		{BBF7470F-872D-4013-8BFE-4DD043B0F52B}.Release|Any CPU.ActiveCfg = Release|Any CPU
		{BBF7470F-872D-4013-8BFE-4DD043B0F52B}.Release|Any CPU.Build.0 = Release|Any CPU
		{9FD83D37-F254-4E0E-A2C0-4CD5D45A6459}.Debug|Any CPU.ActiveCfg = Debug|Any CPU
		{9FD83D37-F254-4E0E-A2C0-4CD5D45A6459}.Debug|Any CPU.Build.0 = Debug|Any CPU
		{9FD83D37-F254-4E0E-A2C0-4CD5D45A6459}.Release|Any CPU.ActiveCfg = Release|Any CPU
		{9FD83D37-F254-4E0E-A2C0-4CD5D45A6459}.Release|Any CPU.Build.0 = Release|Any CPU
	EndGlobalSection
	GlobalSection(SolutionProperties) = preSolution
		HideSolutionNode = FALSE
	EndGlobalSection
	GlobalSection(NestedProjects) = preSolution
		{2D87FFB8-1575-4AF2-BDD6-F84EA5059863} = {00B47A58-F1FB-47F8-8060-EF71D2C0232C}
		{00B47A58-F1FB-47F8-8060-EF71D2C0232C} = {7DF5D9D0-BF33-47F3-9F4A-86BB9C99B0FC}
		{DB976933-4DC3-4DC3-87DB-5994ECC0D704} = {00B47A58-F1FB-47F8-8060-EF71D2C0232C}
		{746EA59D-BA43-47EE-956B-903767C46E7A} = {F7C35602-A030-4968-9931-61D56B7E90BB}
		{F7C35602-A030-4968-9931-61D56B7E90BB} = {00B47A58-F1FB-47F8-8060-EF71D2C0232C}
		{FE138AA3-92ED-41D3-B291-17335BA0D2AC} = {0BA5E3D9-1FF3-4004-983B-0CB1A7B06B43}
		{F70D3056-F867-487C-8D66-C900D17A8DC8} = {C2038552-D769-4CAF-BD22-8EBC1AFEF02E}
		{603D62FF-521A-4E4A-864B-D457F44A3218} = {C2038552-D769-4CAF-BD22-8EBC1AFEF02E}
		{2D33F5DC-4648-4858-9A6B-83D852507BA6} = {F7C35602-A030-4968-9931-61D56B7E90BB}
		{18708508-B87E-4418-A87F-6BD4A2F9F6DF} = {F7C35602-A030-4968-9931-61D56B7E90BB}
		{AF895698-CAE3-462F-9F05-AF5418B66A93} = {7DF5D9D0-BF33-47F3-9F4A-86BB9C99B0FC}
		{3D882C01-0A25-4257-8164-72C11B7ED6CF} = {0BA5E3D9-1FF3-4004-983B-0CB1A7B06B43}
		{62AF206A-F80B-44C7-99ED-29860EFBB91F} = {12687F5B-108A-457B-BE00-6192E5AF88D0}
		{29A7C420-CEC1-4D46-AB19-DB45BBE7C42D} = {C7C8DDFC-F515-4DFF-91C0-15D0D48FFB83}
		{D0062843-3823-4BAD-A0C1-01BD838E7EB7} = {7DF5D9D0-BF33-47F3-9F4A-86BB9C99B0FC}
		{7F20422B-90C5-4BE5-8577-5E14868F7606} = {12687F5B-108A-457B-BE00-6192E5AF88D0}
		{BBFB9C91-E10F-44C7-B91A-678E2B8F4690} = {12687F5B-108A-457B-BE00-6192E5AF88D0}
		{BBF7470F-872D-4013-8BFE-4DD043B0F52B} = {12687F5B-108A-457B-BE00-6192E5AF88D0}
		{9FD83D37-F254-4E0E-A2C0-4CD5D45A6459} = {0BA5E3D9-1FF3-4004-983B-0CB1A7B06B43}
		{C2038552-D769-4CAF-BD22-8EBC1AFEF02E} = {7DF5D9D0-BF33-47F3-9F4A-86BB9C99B0FC}
		{C7C8DDFC-F515-4DFF-91C0-15D0D48FFB83} = {7DF5D9D0-BF33-47F3-9F4A-86BB9C99B0FC}
		{12687F5B-108A-457B-BE00-6192E5AF88D0} = {C7C8DDFC-F515-4DFF-91C0-15D0D48FFB83}
	EndGlobalSection
	GlobalSection(ExtensibilityGlobals) = postSolution
		SolutionGuid = {AC6B5E68-19DC-486E-8925-13CA4C6565F1}
	EndGlobalSection
EndGlobal
